
Microsoft Visual Studio Solution File, Format Version 12.00
# Visual Studio Version 16
VisualStudioVersion = 16.0.32428.217
MinimumVisualStudioVersion = 10.0.40219.1
Project("{FAE04EC0-301F-11D3-BF4B-00C04F79EFBC}") = "MoviesCatalogueSopro", "MoviesCatalogueSopro\MoviesCatalogueSopro.csproj", "{A62C0794-D3CF-4E64-BC23-87CE900F2B2B}"
EndProject
Global
	GlobalSection(SolutionConfigurationPlatforms) = preSolution
		Debug|Any CPU = Debug|Any CPU
		Release|Any CPU = Release|Any CPU
	EndGlobalSection
	GlobalSection(ProjectConfigurationPlatforms) = postSolution
		{A62C0794-D3CF-4E64-BC23-87CE900F2B2B}.Debug|Any CPU.ActiveCfg = Debug|Any CPU
		{A62C0794-D3CF-4E64-BC23-87CE900F2B2B}.Debug|Any CPU.Build.0 = Debug|Any CPU
		{A62C0794-D3CF-4E64-BC23-87CE900F2B2B}.Release|Any CPU.ActiveCfg = Release|Any CPU
		{A62C0794-D3CF-4E64-BC23-87CE900F2B2B}.Release|Any CPU.Build.0 = Release|Any CPU
	EndGlobalSection
	GlobalSection(SolutionProperties) = preSolution
		HideSolutionNode = FALSE
	EndGlobalSection
	GlobalSection(ExtensibilityGlobals) = postSolution
		SolutionGuid = {A7CA9A6C-07BB-4B5A-B51A-723A1EE80A2F}
	EndGlobalSection
EndGlobal
